
Microsoft Visual Studio Solution File, Format Version 12.00
# Visual Studio 15
VisualStudioVersion = 15.0.28010.2050
MinimumVisualStudioVersion = 10.0.40219.1
Project("{9A19103F-16F7-4668-BE54-9A1E7A4F7556}") = "SANS.BLL", "SANS.BLL\SANS.BLL.csproj", "{F82D4245-F941-40E9-9692-4A7C477B053B}"
EndProject
Project("{9A19103F-16F7-4668-BE54-9A1E7A4F7556}") = "SANS.Common", "SANS.Common\SANS.Common.csproj", "{96F4E73D-808D-4AF8-971F-A030C89A5C47}"
EndProject
Project("{9A19103F-16F7-4668-BE54-9A1E7A4F7556}") = "SANS.Config", "SANS.Config\SANS.Config.csproj", "{93C2035E-B19E-4481-A4CD-BCA0ACFF92ED}"
EndProject
Project("{9A19103F-16F7-4668-BE54-9A1E7A4F7556}") = "SANS.DAL", "SANS.DAL\SANS.DAL.csproj", "{CFAE1209-0407-4591-836D-A5AA064A98E1}"
EndProject
Project("{9A19103F-16F7-4668-BE54-9A1E7A4F7556}") = "SANS.DbEntity", "SANS.DbEntity\SANS.DbEntity.csproj", "{642580D4-EC01-4476-8175-AEB58973B5B9}"
EndProject
Project("{9A19103F-16F7-4668-BE54-9A1E7A4F7556}") = "SANS.DInjectionProvider", "SANS.DInjectionProvider\SANS.DInjectionProvider.csproj", "{C2B7BF08-0BF5-498B-8160-C1B459FEBBBD}"
EndProject
Project("{9A19103F-16F7-4668-BE54-9A1E7A4F7556}") = "SANS.Log", "SANS.Log\SANS.Log.csproj", "{F323D13B-5104-4C2E-B10E-28EE1FD8BBBC}"
EndProject
Project("{9A19103F-16F7-4668-BE54-9A1E7A4F7556}") = "SANS.Model", "SANS.Model\SANS.Model.csproj", "{553E1B7E-CC9A-4E9C-9768-213F1FDA70B6}"
EndProject
Project("{9A19103F-16F7-4668-BE54-9A1E7A4F7556}") = "SANS.RedisOperation", "SANS.RedisOperation\SANS.RedisOperation.csproj", "{01CFCF21-C7F2-4433-87E2-71E6867CD55C}"
EndProject
Project("{9A19103F-16F7-4668-BE54-9A1E7A4F7556}") = "SANS.WebApp", "SANS.WebApp\SANS.WebApp.csproj", "{D4C309AE-50A6-49B8-BF81-79894D8A8B58}"
EndProject
Global
	GlobalSection(SolutionConfigurationPlatforms) = preSolution
		Debug|Any CPU = Debug|Any CPU
		Release|Any CPU = Release|Any CPU
	EndGlobalSection
	GlobalSection(ProjectConfigurationPlatforms) = postSolution
		{F82D4245-F941-40E9-9692-4A7C477B053B}.Debug|Any CPU.ActiveCfg = Debug|Any CPU
		{F82D4245-F941-40E9-9692-4A7C477B053B}.Debug|Any CPU.Build.0 = Debug|Any CPU
		{F82D4245-F941-40E9-9692-4A7C477B053B}.Release|Any CPU.ActiveCfg = Release|Any CPU
		{F82D4245-F941-40E9-9692-4A7C477B053B}.Release|Any CPU.Build.0 = Release|Any CPU
		{96F4E73D-808D-4AF8-971F-A030C89A5C47}.Debug|Any CPU.ActiveCfg = Debug|Any CPU
		{96F4E73D-808D-4AF8-971F-A030C89A5C47}.Debug|Any CPU.Build.0 = Debug|Any CPU
		{96F4E73D-808D-4AF8-971F-A030C89A5C47}.Release|Any CPU.ActiveCfg = Release|Any CPU
		{96F4E73D-808D-4AF8-971F-A030C89A5C47}.Release|Any CPU.Build.0 = Release|Any CPU
		{93C2035E-B19E-4481-A4CD-BCA0ACFF92ED}.Debug|Any CPU.ActiveCfg = Debug|Any CPU
		{93C2035E-B19E-4481-A4CD-BCA0ACFF92ED}.Debug|Any CPU.Build.0 = Debug|Any CPU
		{93C2035E-B19E-4481-A4CD-BCA0ACFF92ED}.Release|Any CPU.ActiveCfg = Release|Any CPU
		{93C2035E-B19E-4481-A4CD-BCA0ACFF92ED}.Release|Any CPU.Build.0 = Release|Any CPU
		{CFAE1209-0407-4591-836D-A5AA064A98E1}.Debug|Any CPU.ActiveCfg = Debug|Any CPU
		{CFAE1209-0407-4591-836D-A5AA064A98E1}.Debug|Any CPU.Build.0 = Debug|Any CPU
		{CFAE1209-0407-4591-836D-A5AA064A98E1}.Release|Any CPU.ActiveCfg = Release|Any CPU
		{CFAE1209-0407-4591-836D-A5AA064A98E1}.Release|Any CPU.Build.0 = Release|Any CPU
		{642580D4-EC01-4476-8175-AEB58973B5B9}.Debug|Any CPU.ActiveCfg = Debug|Any CPU
		{642580D4-EC01-4476-8175-AEB58973B5B9}.Debug|Any CPU.Build.0 = Debug|Any CPU
		{642580D4-EC01-4476-8175-AEB58973B5B9}.Release|Any CPU.ActiveCfg = Release|Any CPU
		{642580D4-EC01-4476-8175-AEB58973B5B9}.Release|Any CPU.Build.0 = Release|Any CPU
		{C2B7BF08-0BF5-498B-8160-C1B459FEBBBD}.Debug|Any CPU.ActiveCfg = Debug|Any CPU
		{C2B7BF08-0BF5-498B-8160-C1B459FEBBBD}.Debug|Any CPU.Build.0 = Debug|Any CPU
		{C2B7BF08-0BF5-498B-8160-C1B459FEBBBD}.Release|Any CPU.ActiveCfg = Release|Any CPU
		{C2B7BF08-0BF5-498B-8160-C1B459FEBBBD}.Release|Any CPU.Build.0 = Release|Any CPU
		{F323D13B-5104-4C2E-B10E-28EE1FD8BBBC}.Debug|Any CPU.ActiveCfg = Debug|Any CPU
		{F323D13B-5104-4C2E-B10E-28EE1FD8BBBC}.Debug|Any CPU.Build.0 = Debug|Any CPU
		{F323D13B-5104-4C2E-B10E-28EE1FD8BBBC}.Release|Any CPU.ActiveCfg = Release|Any CPU
		{F323D13B-5104-4C2E-B10E-28EE1FD8BBBC}.Release|Any CPU.Build.0 = Release|Any CPU
		{553E1B7E-CC9A-4E9C-9768-213F1FDA70B6}.Debug|Any CPU.ActiveCfg = Debug|Any CPU
		{553E1B7E-CC9A-4E9C-9768-213F1FDA70B6}.Debug|Any CPU.Build.0 = Debug|Any CPU
		{553E1B7E-CC9A-4E9C-9768-213F1FDA70B6}.Release|Any CPU.ActiveCfg = Release|Any CPU
		{553E1B7E-CC9A-4E9C-9768-213F1FDA70B6}.Release|Any CPU.Build.0 = Release|Any CPU
		{01CFCF21-C7F2-4433-87E2-71E6867CD55C}.Debug|Any CPU.ActiveCfg = Debug|Any CPU
		{01CFCF21-C7F2-4433-87E2-71E6867CD55C}.Debug|Any CPU.Build.0 = Debug|Any CPU
		{01CFCF21-C7F2-4433-87E2-71E6867CD55C}.Release|Any CPU.ActiveCfg = Release|Any CPU
		{01CFCF21-C7F2-4433-87E2-71E6867CD55C}.Release|Any CPU.Build.0 = Release|Any CPU
		{D4C309AE-50A6-49B8-BF81-79894D8A8B58}.Debug|Any CPU.ActiveCfg = Debug|Any CPU
		{D4C309AE-50A6-49B8-BF81-79894D8A8B58}.Debug|Any CPU.Build.0 = Debug|Any CPU
		{D4C309AE-50A6-49B8-BF81-79894D8A8B58}.Release|Any CPU.ActiveCfg = Release|Any CPU
		{D4C309AE-50A6-49B8-BF81-79894D8A8B58}.Release|Any CPU.Build.0 = Release|Any CPU
	EndGlobalSection
	GlobalSection(SolutionProperties) = preSolution
		HideSolutionNode = FALSE
	EndGlobalSection
	GlobalSection(ExtensibilityGlobals) = postSolution
		SolutionGuid = {2E8EEF9E-B71E-4A5B-B753-6EC14762170E}
	EndGlobalSection
EndGlobal
